
Microsoft Visual Studio Solution File, Format Version 12.00
# Visual Studio 14
VisualStudioVersion = 14.0.25420.1
MinimumVisualStudioVersion = 10.0.40219.1
Project("{2150E333-8FDC-42A3-9474-1A3956D46DE8}") = "src", "src", "{0B61C30D-9A07-466B-BA04-6257650CC19D}"
EndProject
Project("{2150E333-8FDC-42A3-9474-1A3956D46DE8}") = "Solution Items", "Solution Items", "{44F455B0-2F9D-4077-8F07-89F71F496F57}"
	ProjectSection(SolutionItems) = preProject
		global.json = global.json
	EndProjectSection
EndProject
Project("{8BB2217D-0F2D-49D1-97BC-3654ED321F3B}") = "TibiaSpellsToJson", "src\TibiaSpellsToJson\TibiaSpellsToJson.xproj", "{2D3E6ADF-4A97-424D-ABB7-968CAA0E9540}"
EndProject
Global
	GlobalSection(SolutionConfigurationPlatforms) = preSolution
		Debug|Any CPU = Debug|Any CPU
		Release|Any CPU = Release|Any CPU
	EndGlobalSection
	GlobalSection(ProjectConfigurationPlatforms) = postSolution
		{2D3E6ADF-4A97-424D-ABB7-968CAA0E9540}.Debug|Any CPU.ActiveCfg = Debug|Any CPU
		{2D3E6ADF-4A97-424D-ABB7-968CAA0E9540}.Debug|Any CPU.Build.0 = Debug|Any CPU
		{2D3E6ADF-4A97-424D-ABB7-968CAA0E9540}.Release|Any CPU.ActiveCfg = Release|Any CPU
		{2D3E6ADF-4A97-424D-ABB7-968CAA0E9540}.Release|Any CPU.Build.0 = Release|Any CPU
	EndGlobalSection
	GlobalSection(SolutionProperties) = preSolution
		HideSolutionNode = FALSE
	EndGlobalSection
	GlobalSection(NestedProjects) = preSolution
		{2D3E6ADF-4A97-424D-ABB7-968CAA0E9540} = {0B61C30D-9A07-466B-BA04-6257650CC19D}
	EndGlobalSection
EndGlobal
